
Microsoft Visual Studio Solution File, Format Version 12.00
# Visual Studio Version 17
VisualStudioVersion = 17.0.31903.59
MinimumVisualStudioVersion = 10.0.40219.1
Project("{FAE04EC0-301F-11D3-BF4B-00C04F79EFBC}") = "Core.Application", "Application\Core.Application.csproj", "{49689992-DF5A-4DC0-9BC2-EEF529006C3F}"
EndProject
Project("{FAE04EC0-301F-11D3-BF4B-00C04F79EFBC}") = "Core.Infrastructure", "Infrastructure\Core.Infrastructure.csproj", "{3F168D13-A3AB-45F0-BD91-2C4C8FBF1379}"
EndProject
Project("{FAE04EC0-301F-11D3-BF4B-00C04F79EFBC}") = "Core.API", "WebAPI\Core.API.csproj", "{65288DD0-C27C-4A03-8123-2B80F677145A}"
EndProject
Project("{FAE04EC0-301F-11D3-BF4B-00C04F79EFBC}") = "Core.Domain", "Core.Domain\Core.Domain.csproj", "{D88EC414-03AA-44C0-A2D2-053EC98CC25E}"
EndProject
Project("{FAE04EC0-301F-11D3-BF4B-00C04F79EFBC}") = "Core.Shared", "Core.Shared\Core.Shared.csproj", "{77524B29-DB56-4B6C-A489-BD0A9C038D55}"
EndProject
Project("{E53339B2-1760-4266-BCC7-CA923CBCF16C}") = "docker-compose", "docker-compose.dcproj", "{D3633125-0615-45DB-B91F-E339DA93439C}"
EndProject
Global
	GlobalSection(SolutionConfigurationPlatforms) = preSolution
		Debug|Any CPU = Debug|Any CPU
		Release|Any CPU = Release|Any CPU
	EndGlobalSection
	GlobalSection(ProjectConfigurationPlatforms) = postSolution
		{49689992-DF5A-4DC0-9BC2-EEF529006C3F}.Debug|Any CPU.ActiveCfg = Debug|Any CPU
		{49689992-DF5A-4DC0-9BC2-EEF529006C3F}.Debug|Any CPU.Build.0 = Debug|Any CPU
		{49689992-DF5A-4DC0-9BC2-EEF529006C3F}.Release|Any CPU.ActiveCfg = Release|Any CPU
		{49689992-DF5A-4DC0-9BC2-EEF529006C3F}.Release|Any CPU.Build.0 = Release|Any CPU
		{3F168D13-A3AB-45F0-BD91-2C4C8FBF1379}.Debug|Any CPU.ActiveCfg = Debug|Any CPU
		{3F168D13-A3AB-45F0-BD91-2C4C8FBF1379}.Debug|Any CPU.Build.0 = Debug|Any CPU
		{3F168D13-A3AB-45F0-BD91-2C4C8FBF1379}.Release|Any CPU.ActiveCfg = Release|Any CPU
		{3F168D13-A3AB-45F0-BD91-2C4C8FBF1379}.Release|Any CPU.Build.0 = Release|Any CPU
		{65288DD0-C27C-4A03-8123-2B80F677145A}.Debug|Any CPU.ActiveCfg = Debug|Any CPU
		{65288DD0-C27C-4A03-8123-2B80F677145A}.Debug|Any CPU.Build.0 = Debug|Any CPU
		{65288DD0-C27C-4A03-8123-2B80F677145A}.Release|Any CPU.ActiveCfg = Release|Any CPU
		{65288DD0-C27C-4A03-8123-2B80F677145A}.Release|Any CPU.Build.0 = Release|Any CPU
		{D88EC414-03AA-44C0-A2D2-053EC98CC25E}.Debug|Any CPU.ActiveCfg = Debug|Any CPU
		{D88EC414-03AA-44C0-A2D2-053EC98CC25E}.Debug|Any CPU.Build.0 = Debug|Any CPU
		{D88EC414-03AA-44C0-A2D2-053EC98CC25E}.Release|Any CPU.ActiveCfg = Release|Any CPU
		{D88EC414-03AA-44C0-A2D2-053EC98CC25E}.Release|Any CPU.Build.0 = Release|Any CPU
		{77524B29-DB56-4B6C-A489-BD0A9C038D55}.Debug|Any CPU.ActiveCfg = Debug|Any CPU
		{77524B29-DB56-4B6C-A489-BD0A9C038D55}.Debug|Any CPU.Build.0 = Debug|Any CPU
		{77524B29-DB56-4B6C-A489-BD0A9C038D55}.Release|Any CPU.ActiveCfg = Release|Any CPU
		{77524B29-DB56-4B6C-A489-BD0A9C038D55}.Release|Any CPU.Build.0 = Release|Any CPU
		{D3633125-0615-45DB-B91F-E339DA93439C}.Debug|Any CPU.ActiveCfg = Debug|Any CPU
		{D3633125-0615-45DB-B91F-E339DA93439C}.Debug|Any CPU.Build.0 = Debug|Any CPU
		{D3633125-0615-45DB-B91F-E339DA93439C}.Release|Any CPU.ActiveCfg = Release|Any CPU
		{D3633125-0615-45DB-B91F-E339DA93439C}.Release|Any CPU.Build.0 = Release|Any CPU
	EndGlobalSection
	GlobalSection(SolutionProperties) = preSolution
		HideSolutionNode = FALSE
	EndGlobalSection
EndGlobal
